
Microsoft Visual Studio Solution File, Format Version 12.00
# Visual Studio Version 17
VisualStudioVersion = 17.4.33103.184
MinimumVisualStudioVersion = 10.0.40219.1
Project("{FAE04EC0-301F-11D3-BF4B-00C04F79EFBC}") = "MvcMovie", "MvcMovie\MvcMovie.csproj", "{D8F6EECD-7B9A-4327-AB8A-21B18FD7AC78}"
EndProject
Global
	GlobalSection(SolutionConfigurationPlatforms) = preSolution
		Debug|Any CPU = Debug|Any CPU
		Release|Any CPU = Release|Any CPU
	EndGlobalSection
	GlobalSection(ProjectConfigurationPlatforms) = postSolution
		{D8F6EECD-7B9A-4327-AB8A-21B18FD7AC78}.Debug|Any CPU.ActiveCfg = Debug|Any CPU
		{D8F6EECD-7B9A-4327-AB8A-21B18FD7AC78}.Debug|Any CPU.Build.0 = Debug|Any CPU
		{D8F6EECD-7B9A-4327-AB8A-21B18FD7AC78}.Release|Any CPU.ActiveCfg = Release|Any CPU
		{D8F6EECD-7B9A-4327-AB8A-21B18FD7AC78}.Release|Any CPU.Build.0 = Release|Any CPU
	EndGlobalSection
	GlobalSection(SolutionProperties) = preSolution
		HideSolutionNode = FALSE
	EndGlobalSection
	GlobalSection(ExtensibilityGlobals) = postSolution
		SolutionGuid = {7B6BC2C8-7A43-45CF-BE4D-343A460D4A08}
	EndGlobalSection
EndGlobal
